
Microsoft Visual Studio Solution File, Format Version 12.00
# Visual Studio Version 16
VisualStudioVersion = 16.0.30114.105
MinimumVisualStudioVersion = 10.0.40219.1
Project("{FAE04EC0-301F-11D3-BF4B-00C04F79EFBC}") = "LinqToGraphql", "src\LinqToGraphql.csproj", "{CC2AE018-65DC-4A67-8F0F-51837C161F20}"
EndProject
Project("{FAE04EC0-301F-11D3-BF4B-00C04F79EFBC}") = "LinqToGraphqlExample", "example\LinqToGraphqlExample.csproj", "{6AE625C1-04EB-40C9-8400-3757595476B4}"
EndProject
Global
	GlobalSection(SolutionConfigurationPlatforms) = preSolution
		Debug|Any CPU = Debug|Any CPU
		Debug|x64 = Debug|x64
		Debug|x86 = Debug|x86
		Release|Any CPU = Release|Any CPU
		Release|x64 = Release|x64
		Release|x86 = Release|x86
	EndGlobalSection
	GlobalSection(SolutionProperties) = preSolution
		HideSolutionNode = FALSE
	EndGlobalSection
	GlobalSection(ProjectConfigurationPlatforms) = postSolution
		{CC2AE018-65DC-4A67-8F0F-51837C161F20}.Debug|Any CPU.ActiveCfg = Debug|Any CPU
		{CC2AE018-65DC-4A67-8F0F-51837C161F20}.Debug|Any CPU.Build.0 = Debug|Any CPU
		{CC2AE018-65DC-4A67-8F0F-51837C161F20}.Debug|x64.ActiveCfg = Debug|Any CPU
		{CC2AE018-65DC-4A67-8F0F-51837C161F20}.Debug|x64.Build.0 = Debug|Any CPU
		{CC2AE018-65DC-4A67-8F0F-51837C161F20}.Debug|x86.ActiveCfg = Debug|Any CPU
		{CC2AE018-65DC-4A67-8F0F-51837C161F20}.Debug|x86.Build.0 = Debug|Any CPU
		{CC2AE018-65DC-4A67-8F0F-51837C161F20}.Release|Any CPU.ActiveCfg = Release|Any CPU
		{CC2AE018-65DC-4A67-8F0F-51837C161F20}.Release|Any CPU.Build.0 = Release|Any CPU
		{CC2AE018-65DC-4A67-8F0F-51837C161F20}.Release|x64.ActiveCfg = Release|Any CPU
		{CC2AE018-65DC-4A67-8F0F-51837C161F20}.Release|x64.Build.0 = Release|Any CPU
		{CC2AE018-65DC-4A67-8F0F-51837C161F20}.Release|x86.ActiveCfg = Release|Any CPU
		{CC2AE018-65DC-4A67-8F0F-51837C161F20}.Release|x86.Build.0 = Release|Any CPU
		{6AE625C1-04EB-40C9-8400-3757595476B4}.Debug|Any CPU.ActiveCfg = Debug|Any CPU
		{6AE625C1-04EB-40C9-8400-3757595476B4}.Debug|Any CPU.Build.0 = Debug|Any CPU
		{6AE625C1-04EB-40C9-8400-3757595476B4}.Debug|x64.ActiveCfg = Debug|Any CPU
		{6AE625C1-04EB-40C9-8400-3757595476B4}.Debug|x64.Build.0 = Debug|Any CPU
		{6AE625C1-04EB-40C9-8400-3757595476B4}.Debug|x86.ActiveCfg = Debug|Any CPU
		{6AE625C1-04EB-40C9-8400-3757595476B4}.Debug|x86.Build.0 = Debug|Any CPU
		{6AE625C1-04EB-40C9-8400-3757595476B4}.Release|Any CPU.ActiveCfg = Release|Any CPU
		{6AE625C1-04EB-40C9-8400-3757595476B4}.Release|Any CPU.Build.0 = Release|Any CPU
		{6AE625C1-04EB-40C9-8400-3757595476B4}.Release|x64.ActiveCfg = Release|Any CPU
		{6AE625C1-04EB-40C9-8400-3757595476B4}.Release|x64.Build.0 = Release|Any CPU
		{6AE625C1-04EB-40C9-8400-3757595476B4}.Release|x86.ActiveCfg = Release|Any CPU
		{6AE625C1-04EB-40C9-8400-3757595476B4}.Release|x86.Build.0 = Release|Any CPU
	EndGlobalSection
EndGlobal
